github.com/ymz-ncnk/dvargen v0.1.1 h1:pId8tttNng/JDdSIx0M+R2iVQFiyE53X85efGRfM+zw=
github.com/ymz-ncnk/dvargen v0.1.1/go.mod h1:3B6Go+pnZqUocWyaUcrth7eEH7AI6CcFszFMPBcweQw=
github.com/ymz-ncnk/persistor v0.1.1 h1:SFhkwZScgettf4zHlInLYZHJ8JmaAfK2wgV1wAMfa+A=
github.com/ymz-ncnk/persistor v0.1.1/go.mod h1:++l5ZDX0OCxw5j/1+tOo8I4VcZzx573RonCAbSXIv9Q=
